// !$*UTF8*$!
{
	archiveVersion = 1;
	classes = {
	};
	objectVersion = 56;
	objects = {

/* Begin PBXBuildFile section */
		6A1BBA042A33138800E2F71B /* MatchView.swift in Sources */ = {isa = PBXBuildFile; fileRef = 6A1BBA032A33138800E2F71B /* MatchView.swift */; };
		6A1CE5772A2FACFD00E7C28F /* Scoreboard.swift in Sources */ = {isa = PBXBuildFile; fileRef = 6A1CE5762A2FACFD00E7C28F /* Scoreboard.swift */; };
		6A1CE5792A2FACFD00E7C28F /* ContentView.swift in Sources */ = {isa = PBXBuildFile; fileRef = 6A1CE5782A2FACFD00E7C28F /* ContentView.swift */; };
		6A1CE57B2A2FACFD00E7C28F /* Assets.xcassets in Resources */ = {isa = PBXBuildFile; fileRef = 6A1CE57A2A2FACFD00E7C28F /* Assets.xcassets */; };
		6A1CE57E2A2FACFD00E7C28F /* Preview Assets.xcassets in Resources */ = {isa = PBXBuildFile; fileRef = 6A1CE57D2A2FACFD00E7C28F /* Preview Assets.xcassets */; };
		6A3308E12A3128A400950050 /* Outcome.swift in Sources */ = {isa = PBXBuildFile; fileRef = 6A3308E02A3128A400950050 /* Outcome.swift */; };
		6A3308E32A3128F300950050 /* Innings.swift in Sources */ = {isa = PBXBuildFile; fileRef = 6A3308E22A3128F300950050 /* Innings.swift */; };
		6A4A98AC2A4192910054FEC5 /* PreviousOver.swift in Sources */ = {isa = PBXBuildFile; fileRef = 6A4A98AB2A4192910054FEC5 /* PreviousOver.swift */; };
		6A517D542A5306CC003DE1BC /* Realm in Frameworks */ = {isa = PBXBuildFile; productRef = 6A517D532A5306CC003DE1BC /* Realm */; };
		6A517D562A5306CC003DE1BC /* RealmSwift in Frameworks */ = {isa = PBXBuildFile; productRef = 6A517D552A5306CC003DE1BC /* RealmSwift */; };
		6A517D582A530729003DE1BC /* Migrator.swift in Sources */ = {isa = PBXBuildFile; fileRef = 6A517D572A530729003DE1BC /* Migrator.swift */; };
		6A517D5C2A531247003DE1BC /* HomeView.swift in Sources */ = {isa = PBXBuildFile; fileRef = 6A517D5B2A531247003DE1BC /* HomeView.swift */; };
		6A6241702A31BC8200758FBA /* ScoreBar.swift in Sources */ = {isa = PBXBuildFile; fileRef = 6A62416F2A31BC8200758FBA /* ScoreBar.swift */; };
		6A8D750D2A3AF96100A9969A /* WrappedHStackView.swift in Sources */ = {isa = PBXBuildFile; fileRef = 6A8D750C2A3AF96100A9969A /* WrappedHStackView.swift */; };
		6A9379242A374A6600CEE5C7 /* TextBar.swift in Sources */ = {isa = PBXBuildFile; fileRef = 6A9379232A374A6600CEE5C7 /* TextBar.swift */; };
		6AC0D0BD2A377E9700A9E867 /* MatchVariables.swift in Sources */ = {isa = PBXBuildFile; fileRef = 6AC0D0BC2A377E9700A9E867 /* MatchVariables.swift */; };
		6AD97C3E2A66852500666A6F /* LaunchScreen.storyboard in Resources */ = {isa = PBXBuildFile; fileRef = 6AD97C3D2A66852500666A6F /* LaunchScreen.storyboard */; };
		6AEE6A1B2A30FEA500312249 /* OutcomeButton.swift in Sources */ = {isa = PBXBuildFile; fileRef = 6AEE6A1A2A30FEA500312249 /* OutcomeButton.swift */; };
		6AF31B742A4088BB00CEE2F9 /* Shimmer in Frameworks */ = {isa = PBXBuildFile; productRef = 6AF31B732A4088BB00CEE2F9 /* Shimmer */; };
/* End PBXBuildFile section */

/* Begin PBXFileReference section */
		6A1BBA032A33138800E2F71B /* MatchView.swift */ = {isa = PBXFileReference; lastKnownFileType = sourcecode.swift; path = MatchView.swift; sourceTree = "<group>"; };
		6A1CE5732A2FACFD00E7C28F /* Scoreboard - Gully cricket.app */ = {isa = PBXFileReference; explicitFileType = wrapper.application; includeInIndex = 0; path = "Scoreboard - Gully cricket.app"; sourceTree = BUILT_PRODUCTS_DIR; };
		6A1CE5762A2FACFD00E7C28F /* Scoreboard.swift */ = {isa = PBXFileReference; lastKnownFileType = sourcecode.swift; path = Scoreboard.swift; sourceTree = "<group>"; };
		6A1CE5782A2FACFD00E7C28F /* ContentView.swift */ = {isa = PBXFileReference; lastKnownFileType = sourcecode.swift; path = ContentView.swift; sourceTree = "<group>"; };
		6A1CE57A2A2FACFD00E7C28F /* Assets.xcassets */ = {isa = PBXFileReference; lastKnownFileType = folder.assetcatalog; path = Assets.xcassets; sourceTree = "<group>"; };
		6A1CE57D2A2FACFD00E7C28F /* Preview Assets.xcassets */ = {isa = PBXFileReference; lastKnownFileType = folder.assetcatalog; path = "Preview Assets.xcassets"; sourceTree = "<group>"; };
		6A3308E02A3128A400950050 /* Outcome.swift */ = {isa = PBXFileReference; lastKnownFileType = sourcecode.swift; path = Outcome.swift; sourceTree = "<group>"; };
		6A3308E22A3128F300950050 /* Innings.swift */ = {isa = PBXFileReference; lastKnownFileType = sourcecode.swift; path = Innings.swift; sourceTree = "<group>"; };
		6A4A98AB2A4192910054FEC5 /* PreviousOver.swift */ = {isa = PBXFileReference; lastKnownFileType = sourcecode.swift; path = PreviousOver.swift; sourceTree = "<group>"; };
		6A517D572A530729003DE1BC /* Migrator.swift */ = {isa = PBXFileReference; lastKnownFileType = sourcecode.swift; path = Migrator.swift; sourceTree = "<group>"; };
		6A517D5B2A531247003DE1BC /* HomeView.swift */ = {isa = PBXFileReference; lastKnownFileType = sourcecode.swift; path = HomeView.swift; sourceTree = "<group>"; };
		6A60ECF92A540D42004347C5 /* Scoreboard---Gully-cricket-Info.plist */ = {isa = PBXFileReference; lastKnownFileType = text.plist; path = "Scoreboard---Gully-cricket-Info.plist"; sourceTree = SOURCE_ROOT; };
		6A62416F2A31BC8200758FBA /* ScoreBar.swift */ = {isa = PBXFileReference; lastKnownFileType = sourcecode.swift; path = ScoreBar.swift; sourceTree = "<group>"; };
		6A8D750C2A3AF96100A9969A /* WrappedHStackView.swift */ = {isa = PBXFileReference; lastKnownFileType = sourcecode.swift; path = WrappedHStackView.swift; sourceTree = "<group>"; };
		6A9379232A374A6600CEE5C7 /* TextBar.swift */ = {isa = PBXFileReference; lastKnownFileType = sourcecode.swift; path = TextBar.swift; sourceTree = "<group>"; };
		6AC0D0BC2A377E9700A9E867 /* MatchVariables.swift */ = {isa = PBXFileReference; lastKnownFileType = sourcecode.swift; path = MatchVariables.swift; sourceTree = "<group>"; };
		6AD97C3D2A66852500666A6F /* LaunchScreen.storyboard */ = {isa = PBXFileReference; lastKnownFileType = file.storyboard; path = LaunchScreen.storyboard; sourceTree = "<group>"; };
		6AEE6A1A2A30FEA500312249 /* OutcomeButton.swift */ = {isa = PBXFileReference; lastKnownFileType = sourcecode.swift; path = OutcomeButton.swift; sourceTree = "<group>"; };
/* End PBXFileReference section */

/* Begin PBXFrameworksBuildPhase section */
		6A1CE5702A2FACFD00E7C28F /* Frameworks */ = {
			isa = PBXFrameworksBuildPhase;
			buildActionMask = 2147483647;
			files = (
				6A517D562A5306CC003DE1BC /* RealmSwift in Frameworks */,
				6A517D542A5306CC003DE1BC /* Realm in Frameworks */,
				6AF31B742A4088BB00CEE2F9 /* Shimmer in Frameworks */,
			);
			runOnlyForDeploymentPostprocessing = 0;
		};
/* End PBXFrameworksBuildPhase section */

/* Begin PBXGroup section */
		6A0C13D82A658BE300D0E84F /* ViewModel */ = {
			isa = PBXGroup;
			children = (
				6AC0D0BC2A377E9700A9E867 /* MatchVariables.swift */,
				6A3308E22A3128F300950050 /* Innings.swift */,
			);
			path = ViewModel;
			sourceTree = "<group>";
		};
		6A1CE56A2A2FACFD00E7C28F = {
			isa = PBXGroup;
			children = (
				6A1CE5752A2FACFD00E7C28F /* Scoreboard - Gully cricket */,
				6A1CE5742A2FACFD00E7C28F /* Products */,
			);
			sourceTree = "<group>";
		};
		6A1CE5742A2FACFD00E7C28F /* Products */ = {
			isa = PBXGroup;
			children = (
				6A1CE5732A2FACFD00E7C28F /* Scoreboard - Gully cricket.app */,
			);
			name = Products;
			sourceTree = "<group>";
		};
		6A1CE5752A2FACFD00E7C28F /* Scoreboard - Gully cricket */ = {
			isa = PBXGroup;
			children = (
				6A1CE5762A2FACFD00E7C28F /* Scoreboard.swift */,
				6A517D572A530729003DE1BC /* Migrator.swift */,
				6A3308DF2A31287D00950050 /* Model */,
				6A0C13D82A658BE300D0E84F /* ViewModel */,
				6A62416E2A31BBFE00758FBA /* View */,
				6A1CE57A2A2FACFD00E7C28F /* Assets.xcassets */,
				6A60ECF92A540D42004347C5 /* Scoreboard---Gully-cricket-Info.plist */,
				6A1CE57C2A2FACFD00E7C28F /* Preview Content */,
			);
			path = "Scoreboard - Gully cricket";
			sourceTree = "<group>";
		};
		6A1CE57C2A2FACFD00E7C28F /* Preview Content */ = {
			isa = PBXGroup;
			children = (
				6A1CE57D2A2FACFD00E7C28F /* Preview Assets.xcassets */,
			);
			path = "Preview Content";
			sourceTree = "<group>";
		};
		6A3308DF2A31287D00950050 /* Model */ = {
			isa = PBXGroup;
			children = (
				6A3308E02A3128A400950050 /* Outcome.swift */,
			);
			path = Model;
			sourceTree = "<group>";
		};
		6A62416E2A31BBFE00758FBA /* View */ = {
			isa = PBXGroup;
			children = (
				6A1CE5782A2FACFD00E7C28F /* ContentView.swift */,
				6A517D5B2A531247003DE1BC /* HomeView.swift */,
				6A1BBA032A33138800E2F71B /* MatchView.swift */,
				6A8D750C2A3AF96100A9969A /* WrappedHStackView.swift */,
				6A9379232A374A6600CEE5C7 /* TextBar.swift */,
				6A62416F2A31BC8200758FBA /* ScoreBar.swift */,
				6AEE6A1A2A30FEA500312249 /* OutcomeButton.swift */,
				6A4A98AB2A4192910054FEC5 /* PreviousOver.swift */,
				6AD97C3D2A66852500666A6F /* LaunchScreen.storyboard */,
			);
			path = View;
			sourceTree = "<group>";
		};
/* End PBXGroup section */

/* Begin PBXNativeTarget section */
		6A1CE5722A2FACFD00E7C28F /* Scoreboard - Gully cricket */ = {
			isa = PBXNativeTarget;
			buildConfigurationList = 6A1CE5812A2FACFD00E7C28F /* Build configuration list for PBXNativeTarget "Scoreboard - Gully cricket" */;
			buildPhases = (
				6A1CE56F2A2FACFD00E7C28F /* Sources */,
				6A1CE5702A2FACFD00E7C28F /* Frameworks */,
				6A1CE5712A2FACFD00E7C28F /* Resources */,
			);
			buildRules = (
			);
			dependencies = (
			);
			name = "Scoreboard - Gully cricket";
			packageProductDependencies = (
				6AF31B732A4088BB00CEE2F9 /* Shimmer */,
				6A517D532A5306CC003DE1BC /* Realm */,
				6A517D552A5306CC003DE1BC /* RealmSwift */,
			);
			productName = "Scoreboard - Gully cricket";
			productReference = 6A1CE5732A2FACFD00E7C28F /* Scoreboard - Gully cricket.app */;
			productType = "com.apple.product-type.application";
		};
/* End PBXNativeTarget section */

/* Begin PBXProject section */
		6A1CE56B2A2FACFD00E7C28F /* Project object */ = {
			isa = PBXProject;
			attributes = {
				BuildIndependentTargetsInParallel = 1;
				LastSwiftUpdateCheck = 1430;
				LastUpgradeCheck = 1430;
				TargetAttributes = {
					6A1CE5722A2FACFD00E7C28F = {
						CreatedOnToolsVersion = 14.3;
					};
				};
			};
			buildConfigurationList = 6A1CE56E2A2FACFD00E7C28F /* Build configuration list for PBXProject "Scoreboard - Gully cricket" */;
			compatibilityVersion = "Xcode 14.0";
			developmentRegion = en;
			hasScannedForEncodings = 0;
			knownRegions = (
				en,
				Base,
			);
			mainGroup = 6A1CE56A2A2FACFD00E7C28F;
			packageReferences = (
				6AF31B722A4088BB00CEE2F9 /* XCRemoteSwiftPackageReference "SwiftUI-Shimmer" */,
				6A517D522A5306CC003DE1BC /* XCRemoteSwiftPackageReference "realm-swift" */,
			);
			productRefGroup = 6A1CE5742A2FACFD00E7C28F /* Products */;
			projectDirPath = "";
			projectRoot = "";
			targets = (
				6A1CE5722A2FACFD00E7C28F /* Scoreboard - Gully cricket */,
			);
		};
/* End PBXProject section */

/* Begin PBXResourcesBuildPhase section */
		6A1CE5712A2FACFD00E7C28F /* Resources */ = {
			isa = PBXResourcesBuildPhase;
			buildActionMask = 2147483647;
			files = (
				6AD97C3E2A66852500666A6F /* LaunchScreen.storyboard in Resources */,
				6A1CE57E2A2FACFD00E7C28F /* Preview Assets.xcassets in Resources */,
				6A1CE57B2A2FACFD00E7C28F /* Assets.xcassets in Resources */,
			);
			runOnlyForDeploymentPostprocessing = 0;
		};
/* End PBXResourcesBuildPhase section */

/* Begin PBXSourcesBuildPhase section */
		6A1CE56F2A2FACFD00E7C28F /* Sources */ = {
			isa = PBXSourcesBuildPhase;
			buildActionMask = 2147483647;
			files = (
				6A3308E12A3128A400950050 /* Outcome.swift in Sources */,
				6A517D5C2A531247003DE1BC /* HomeView.swift in Sources */,
				6A1CE5792A2FACFD00E7C28F /* ContentView.swift in Sources */,
				6A4A98AC2A4192910054FEC5 /* PreviousOver.swift in Sources */,
				6A9379242A374A6600CEE5C7 /* TextBar.swift in Sources */,
				6AEE6A1B2A30FEA500312249 /* OutcomeButton.swift in Sources */,
				6A1CE5772A2FACFD00E7C28F /* Scoreboard.swift in Sources */,
				6AC0D0BD2A377E9700A9E867 /* MatchVariables.swift in Sources */,
				6A1BBA042A33138800E2F71B /* MatchView.swift in Sources */,
				6A517D582A530729003DE1BC /* Migrator.swift in Sources */,
				6A6241702A31BC8200758FBA /* ScoreBar.swift in Sources */,
				6A8D750D2A3AF96100A9969A /* WrappedHStackView.swift in Sources */,
				6A3308E32A3128F300950050 /* Innings.swift in Sources */,
			);
			runOnlyForDeploymentPostprocessing = 0;
		};
/* End PBXSourcesBuildPhase section */

/* Begin XCBuildConfiguration section */
		6A1CE57F2A2FACFD00E7C28F /* Debug */ = {
			isa = XCBuildConfiguration;
			buildSettings = {
				ALWAYS_SEARCH_USER_PATHS = NO;
				CLANG_ANALYZER_NONNULL = YES;
				CLANG_ANALYZER_NUMBER_OBJECT_CONVERSION = YES_AGGRESSIVE;
				CLANG_CXX_LANGUAGE_STANDARD = "gnu++20";
				CLANG_ENABLE_MODULES = YES;
				CLANG_ENABLE_OBJC_ARC = YES;
				CLANG_ENABLE_OBJC_WEAK = YES;
				CLANG_WARN_BLOCK_CAPTURE_AUTORELEASING = YES;
				CLANG_WARN_BOOL_CONVERSION = YES;
				CLANG_WARN_COMMA = YES;
				CLANG_WARN_CONSTANT_CONVERSION = YES;
				CLANG_WARN_DEPRECATED_OBJC_IMPLEMENTATIONS = YES;
				CLANG_WARN_DIRECT_OBJC_ISA_USAGE = YES_ERROR;
				CLANG_WARN_DOCUMENTATION_COMMENTS = YES;
				CLANG_WARN_EMPTY_BODY = YES;
				CLANG_WARN_ENUM_CONVERSION = YES;
				CLANG_WARN_INFINITE_RECURSION = YES;
				CLANG_WARN_INT_CONVERSION = YES;
				CLANG_WARN_NON_LITERAL_NULL_CONVERSION = YES;
				CLANG_WARN_OBJC_IMPLICIT_RETAIN_SELF = YES;
				CLANG_WARN_OBJC_LITERAL_CONVERSION = YES;
				CLANG_WARN_OBJC_ROOT_CLASS = YES_ERROR;
				CLANG_WARN_QUOTED_INCLUDE_IN_FRAMEWORK_HEADER = YES;
				CLANG_WARN_RANGE_LOOP_ANALYSIS = YES;
				CLANG_WARN_STRICT_PROTOTYPES = YES;
				CLANG_WARN_SUSPICIOUS_MOVE = YES;
				CLANG_WARN_UNGUARDED_AVAILABILITY = YES_AGGRESSIVE;
				CLANG_WARN_UNREACHABLE_CODE = YES;
				CLANG_WARN__DUPLICATE_METHOD_MATCH = YES;
				COPY_PHASE_STRIP = NO;
				DEBUG_INFORMATION_FORMAT = dwarf;
				ENABLE_STRICT_OBJC_MSGSEND = YES;
				ENABLE_TESTABILITY = YES;
				GCC_C_LANGUAGE_STANDARD = gnu11;
				GCC_DYNAMIC_NO_PIC = NO;
				GCC_NO_COMMON_BLOCKS = YES;
				GCC_OPTIMIZATION_LEVEL = 0;
				GCC_PREPROCESSOR_DEFINITIONS = (
					"DEBUG=1",
					"$(inherited)",
				);
				GCC_WARN_64_TO_32_BIT_CONVERSION = YES;
				GCC_WARN_ABOUT_RETURN_TYPE = YES_ERROR;
				GCC_WARN_UNDECLARED_SELECTOR = YES;
				GCC_WARN_UNINITIALIZED_AUTOS = YES_AGGRESSIVE;
				GCC_WARN_UNUSED_FUNCTION = YES;
				GCC_WARN_UNUSED_VARIABLE = YES;
				IPHONEOS_DEPLOYMENT_TARGET = 16.4;
				MTL_ENABLE_DEBUG_INFO = INCLUDE_SOURCE;
				MTL_FAST_MATH = YES;
				ONLY_ACTIVE_ARCH = YES;
				SDKROOT = iphoneos;
				SWIFT_ACTIVE_COMPILATION_CONDITIONS = DEBUG;
				SWIFT_OPTIMIZATION_LEVEL = "-Onone";
			};
			name = Debug;
		};
		6A1CE5802A2FACFD00E7C28F /* Release */ = {
			isa = XCBuildConfiguration;
			buildSettings = {
				ALWAYS_SEARCH_USER_PATHS = NO;
				CLANG_ANALYZER_NONNULL = YES;
				CLANG_ANALYZER_NUMBER_OBJECT_CONVERSION = YES_AGGRESSIVE;
				CLANG_CXX_LANGUAGE_STANDARD = "gnu++20";
				CLANG_ENABLE_MODULES = YES;
				CLANG_ENABLE_OBJC_ARC = YES;
				CLANG_ENABLE_OBJC_WEAK = YES;
				CLANG_WARN_BLOCK_CAPTURE_AUTORELEASING = YES;
				CLANG_WARN_BOOL_CONVERSION = YES;
				CLANG_WARN_COMMA = YES;
				CLANG_WARN_CONSTANT_CONVERSION = YES;
				CLANG_WARN_DEPRECATED_OBJC_IMPLEMENTATIONS = YES;
				CLANG_WARN_DIRECT_OBJC_ISA_USAGE = YES_ERROR;
				CLANG_WARN_DOCUMENTATION_COMMENTS = YES;
				CLANG_WARN_EMPTY_BODY = YES;
				CLANG_WARN_ENUM_CONVERSION = YES;
				CLANG_WARN_INFINITE_RECURSION = YES;
				CLANG_WARN_INT_CONVERSION = YES;
				CLANG_WARN_NON_LITERAL_NULL_CONVERSION = YES;
				CLANG_WARN_OBJC_IMPLICIT_RETAIN_SELF = YES;
				CLANG_WARN_OBJC_LITERAL_CONVERSION = YES;
				CLANG_WARN_OBJC_ROOT_CLASS = YES_ERROR;
				CLANG_WARN_QUOTED_INCLUDE_IN_FRAMEWORK_HEADER = YES;
				CLANG_WARN_RANGE_LOOP_ANALYSIS = YES;
				CLANG_WARN_STRICT_PROTOTYPES = YES;
				CLANG_WARN_SUSPICIOUS_MOVE = YES;
				CLANG_WARN_UNGUARDED_AVAILABILITY = YES_AGGRESSIVE;
				CLANG_WARN_UNREACHABLE_CODE = YES;
				CLANG_WARN__DUPLICATE_METHOD_MATCH = YES;
				COPY_PHASE_STRIP = NO;
				DEBUG_INFORMATION_FORMAT = "dwarf-with-dsym";
				ENABLE_NS_ASSERTIONS = NO;
				ENABLE_STRICT_OBJC_MSGSEND = YES;
				GCC_C_LANGUAGE_STANDARD = gnu11;
				GCC_NO_COMMON_BLOCKS = YES;
				GCC_WARN_64_TO_32_BIT_CONVERSION = YES;
				GCC_WARN_ABOUT_RETURN_TYPE = YES_ERROR;
				GCC_WARN_UNDECLARED_SELECTOR = YES;
				GCC_WARN_UNINITIALIZED_AUTOS = YES_AGGRESSIVE;
				GCC_WARN_UNUSED_FUNCTION = YES;
				GCC_WARN_UNUSED_VARIABLE = YES;
				IPHONEOS_DEPLOYMENT_TARGET = 16.4;
				MTL_ENABLE_DEBUG_INFO = NO;
				MTL_FAST_MATH = YES;
				SDKROOT = iphoneos;
				SWIFT_COMPILATION_MODE = wholemodule;
				SWIFT_OPTIMIZATION_LEVEL = "-O";
				VALIDATE_PRODUCT = YES;
			};
			name = Release;
		};
		6A1CE5822A2FACFD00E7C28F /* Debug */ = {
			isa = XCBuildConfiguration;
			buildSettings = {
				ASSETCATALOG_COMPILER_APPICON_NAME = AppIcon;
				ASSETCATALOG_COMPILER_GLOBAL_ACCENT_COLOR_NAME = AccentColor;
				CODE_SIGN_STYLE = Automatic;
				CURRENT_PROJECT_VERSION = 1;
				DEVELOPMENT_ASSET_PATHS = "\"Scoreboard - Gully cricket/Preview Content\"";
				DEVELOPMENT_TEAM = "";
				ENABLE_PREVIEWS = YES;
				GENERATE_INFOPLIST_FILE = YES;
				INFOPLIST_FILE = "Scoreboard---Gully-cricket-Info.plist";
				INFOPLIST_KEY_UIApplicationSceneManifest_Generation = YES;
				INFOPLIST_KEY_UIApplicationSupportsIndirectInputEvents = YES;
				INFOPLIST_KEY_UILaunchScreen_Generation = YES;
				INFOPLIST_KEY_UILaunchStoryboardName = LaunchScreen.storyboard;
				INFOPLIST_KEY_UISupportedInterfaceOrientations_iPad = "UIInterfaceOrientationPortrait UIInterfaceOrientationPortraitUpsideDown";
				INFOPLIST_KEY_UISupportedInterfaceOrientations_iPhone = "UIInterfaceOrientationPortrait UIInterfaceOrientationPortraitUpsideDown";
				LD_RUNPATH_SEARCH_PATHS = (
					"$(inherited)",
					"@executable_path/Frameworks",
				);
				MARKETING_VERSION = 1.0;
				PRODUCT_NAME = "$(TARGET_NAME)";
				SWIFT_EMIT_LOC_STRINGS = YES;
				SWIFT_VERSION = 5.0;
				TARGETED_DEVICE_FAMILY = "1,2";
			};
			name = Debug;
		};
		6A1CE5832A2FACFD00E7C28F /* Release */ = {
			isa = XCBuildConfiguration;
			buildSettings = {
				ASSETCATALOG_COMPILER_APPICON_NAME = AppIcon;
				ASSETCATALOG_COMPILER_GLOBAL_ACCENT_COLOR_NAME = AccentColor;
				CODE_SIGN_STYLE = Automatic;
				CURRENT_PROJECT_VERSION = 1;
				DEVELOPMENT_ASSET_PATHS = "\"Scoreboard - Gully cricket/Preview Content\"";
				DEVELOPMENT_TEAM = "";
				ENABLE_PREVIEWS = YES;
				GENERATE_INFOPLIST_FILE = YES;
				INFOPLIST_FILE = "Scoreboard---Gully-cricket-Info.plist";
				INFOPLIST_KEY_UIApplicationSceneManifest_Generation = YES;
				INFOPLIST_KEY_UIApplicationSupportsIndirectInputEvents = YES;
				INFOPLIST_KEY_UILaunchScreen_Generation = YES;
				INFOPLIST_KEY_UILaunchStoryboardName = LaunchScreen.storyboard;
				INFOPLIST_KEY_UISupportedInterfaceOrientations_iPad = "UIInterfaceOrientationPortrait UIInterfaceOrientationPortraitUpsideDown";
				INFOPLIST_KEY_UISupportedInterfaceOrientations_iPhone = "UIInterfaceOrientationPortrait UIInterfaceOrientationPortraitUpsideDown";
				LD_RUNPATH_SEARCH_PATHS = (
					"$(inherited)",
					"@executable_path/Frameworks",
				);
				MARKETING_VERSION = 1.0;
				PRODUCT_NAME = "$(TARGET_NAME)";
				SWIFT_EMIT_LOC_STRINGS = YES;
				SWIFT_VERSION = 5.0;
				TARGETED_DEVICE_FAMILY = "1,2";
			};
			name = Release;
		};
/* End XCBuildConfiguration section */

/* Begin XCConfigurationList section */
		6A1CE56E2A2FACFD00E7C28F /* Build configuration list for PBXProject "Scoreboard - Gully cricket" */ = {
			isa = XCConfigurationList;
			buildConfigurations = (
				6A1CE57F2A2FACFD00E7C28F /* Debug */,
				6A1CE5802A2FACFD00E7C28F /* Release */,
			);
			defaultConfigurationIsVisible = 0;
			defaultConfigurationName = Release;
		};
		6A1CE5812A2FACFD00E7C28F /* Build configuration list for PBXNativeTarget "Scoreboard - Gully cricket" */ = {
			isa = XCConfigurationList;
			buildConfigurations = (
				6A1CE5822A2FACFD00E7C28F /* Debug */,
				6A1CE5832A2FACFD00E7C28F /* Release */,
			);
			defaultConfigurationIsVisible = 0;
			defaultConfigurationName = Release;
		};
/* End XCConfigurationList section */

/* Begin XCRemoteSwiftPackageReference section */
		6A517D522A5306CC003DE1BC /* XCRemoteSwiftPackageReference "realm-swift" */ = {
			isa = XCRemoteSwiftPackageReference;
			repositoryURL = "https://github.com/realm/realm-swift.git";
			requirement = {
				branch = master;
				kind = branch;
			};
		};
		6AF31B722A4088BB00CEE2F9 /* XCRemoteSwiftPackageReference "SwiftUI-Shimmer" */ = {
			isa = XCRemoteSwiftPackageReference;
			repositoryURL = "https://github.com/markiv/SwiftUI-Shimmer";
			requirement = {
				kind = upToNextMajorVersion;
				minimumVersion = 1.0.0;
			};
		};
/* End XCRemoteSwiftPackageReference section */

/* Begin XCSwiftPackageProductDependency section */
		6A517D532A5306CC003DE1BC /* Realm */ = {
			isa = XCSwiftPackageProductDependency;
			package = 6A517D522A5306CC003DE1BC /* XCRemoteSwiftPackageReference "realm-swift" */;
			productName = Realm;
		};
		6A517D552A5306CC003DE1BC /* RealmSwift */ = {
			isa = XCSwiftPackageProductDependency;
			package = 6A517D522A5306CC003DE1BC /* XCRemoteSwiftPackageReference "realm-swift" */;
			productName = RealmSwift;
		};
		6AF31B732A4088BB00CEE2F9 /* Shimmer */ = {
			isa = XCSwiftPackageProductDependency;
			package = 6AF31B722A4088BB00CEE2F9 /* XCRemoteSwiftPackageReference "SwiftUI-Shimmer" */;
			productName = Shimmer;
		};
/* End XCSwiftPackageProductDependency section */
	};
	rootObject = 6A1CE56B2A2FACFD00E7C28F /* Project object */;
}
